
Microsoft Visual Studio Solution File, Format Version 12.00
# Visual Studio 15
VisualStudioVersion = 15.0.27428.2043
MinimumVisualStudioVersion = 10.0.40219.1
Project("{FAE04EC0-301F-11D3-BF4B-00C04F79EFBC}") = "LJ2Book", "LJ2Book\LJ2Book.csproj", "{FFAB6C5A-A8B8-47F2-A08F-6C733E1A9F7F}"
EndProject
Global
	GlobalSection(SolutionConfigurationPlatforms) = preSolution
		Debug|x64 = Debug|x64
		Release|x64 = Release|x64
	EndGlobalSection
	GlobalSection(ProjectConfigurationPlatforms) = postSolution
		{FFAB6C5A-A8B8-47F2-A08F-6C733E1A9F7F}.Debug|x64.ActiveCfg = Debug|x64
		{FFAB6C5A-A8B8-47F2-A08F-6C733E1A9F7F}.Debug|x64.Build.0 = Debug|x64
		{FFAB6C5A-A8B8-47F2-A08F-6C733E1A9F7F}.Release|x64.ActiveCfg = Release|x64
		{FFAB6C5A-A8B8-47F2-A08F-6C733E1A9F7F}.Release|x64.Build.0 = Release|x64
	EndGlobalSection
	GlobalSection(SolutionProperties) = preSolution
		HideSolutionNode = FALSE
	EndGlobalSection
	GlobalSection(ExtensibilityGlobals) = postSolution
		SolutionGuid = {97AAFFE8-97AC-470B-AC40-B35F5EEFF46E}
	EndGlobalSection
EndGlobal
