
Microsoft Visual Studio Solution File, Format Version 12.00
# Visual Studio 15
VisualStudioVersion = 15.0.27428.2043
MinimumVisualStudioVersion = 10.0.40219.1
Project("{FAE04EC0-301F-11D3-BF4B-00C04F79EFBC}") = "Test_LJ_API", "Test_LJ_API.csproj", "{C3379EEA-6E26-4322-842C-E0986684FB90}"
EndProject
Global
	GlobalSection(SolutionConfigurationPlatforms) = preSolution
		Debug|Any CPU = Debug|Any CPU
		Release|Any CPU = Release|Any CPU
	EndGlobalSection
	GlobalSection(ProjectConfigurationPlatforms) = postSolution
		{C3379EEA-6E26-4322-842C-E0986684FB90}.Debug|Any CPU.ActiveCfg = Debug|Any CPU
		{C3379EEA-6E26-4322-842C-E0986684FB90}.Debug|Any CPU.Build.0 = Debug|Any CPU
		{C3379EEA-6E26-4322-842C-E0986684FB90}.Release|Any CPU.ActiveCfg = Release|Any CPU
		{C3379EEA-6E26-4322-842C-E0986684FB90}.Release|Any CPU.Build.0 = Release|Any CPU
	EndGlobalSection
	GlobalSection(SolutionProperties) = preSolution
		HideSolutionNode = FALSE
	EndGlobalSection
	GlobalSection(ExtensibilityGlobals) = postSolution
		SolutionGuid = {A59EF9D6-E147-4D11-894F-A9977572C594}
	EndGlobalSection
EndGlobal
